// !$*UTF8*$!
{
	archiveVersion = 1;
	classes = {
	};
	objectVersion = 48;
	objects = {

/* Begin PBXBuildFile section */
		022415A61F99F60400F51678 /* AppDelegate.swift in Sources */ = {isa = PBXBuildFile; fileRef = 022415A51F99F60400F51678 /* AppDelegate.swift */; };
		022415A81F99F60400F51678 /* ViewController.swift in Sources */ = {isa = PBXBuildFile; fileRef = 022415A71F99F60400F51678 /* ViewController.swift */; };
		022415AB1F99F60400F51678 /* Main.storyboard in Resources */ = {isa = PBXBuildFile; fileRef = 022415A91F99F60400F51678 /* Main.storyboard */; };
		022415AD1F99F60400F51678 /* Assets.xcassets in Resources */ = {isa = PBXBuildFile; fileRef = 022415AC1F99F60400F51678 /* Assets.xcassets */; };
		022415B01F99F60400F51678 /* LaunchScreen.storyboard in Resources */ = {isa = PBXBuildFile; fileRef = 022415AE1F99F60400F51678 /* LaunchScreen.storyboard */; };
		022415BB1F99F60400F51678 /* projectpertamaTests.swift in Sources */ = {isa = PBXBuildFile; fileRef = 022415BA1F99F60400F51678 /* projectpertamaTests.swift */; };
		022415C61F99F60400F51678 /* projectpertamaUITests.swift in Sources */ = {isa = PBXBuildFile; fileRef = 022415C51F99F60400F51678 /* projectpertamaUITests.swift */; };
/* End PBXBuildFile section */

/* Begin PBXContainerItemProxy section */
		022415B71F99F60400F51678 /* PBXContainerItemProxy */ = {
			isa = PBXContainerItemProxy;
			containerPortal = 0224159A1F99F60400F51678 /* Project object */;
			proxyType = 1;
			remoteGlobalIDString = 022415A11F99F60400F51678;
			remoteInfo = projectpertama;
		};
		022415C21F99F60400F51678 /* PBXContainerItemProxy */ = {
			isa = PBXContainerItemProxy;
			containerPortal = 0224159A1F99F60400F51678 /* Project object */;
			proxyType = 1;
			remoteGlobalIDString = 022415A11F99F60400F51678;
			remoteInfo = projectpertama;
		};
/* End PBXContainerItemProxy section */

/* Begin PBXFileReference section */
		022415A21F99F60400F51678 /* projectpertama.app */ = {isa = PBXFileReference; explicitFileType = wrapper.application; includeInIndex = 0; path = projectpertama.app; sourceTree = BUILT_PRODUCTS_DIR; };
		022415A51F99F60400F51678 /* AppDelegate.swift */ = {isa = PBXFileReference; lastKnownFileType = sourcecode.swift; path = AppDelegate.swift; sourceTree = "<group>"; };
		022415A71F99F60400F51678 /* ViewController.swift */ = {isa = PBXFileReference; lastKnownFileType = sourcecode.swift; path = ViewController.swift; sourceTree = "<group>"; };
		022415AA1F99F60400F51678 /* Base */ = {isa = PBXFileReference; lastKnownFileType = file.storyboard; name = Base; path = Base.lproj/Main.storyboard; sourceTree = "<group>"; };
		022415AC1F99F60400F51678 /* Assets.xcassets */ = {isa = PBXFileReference; lastKnownFileType = folder.assetcatalog; path = Assets.xcassets; sourceTree = "<group>"; };
		022415AF1F99F60400F51678 /* Base */ = {isa = PBXFileReference; lastKnownFileType = file.storyboard; name = Base; path = Base.lproj/LaunchScreen.storyboard; sourceTree = "<group>"; };
		022415B11F99F60400F51678 /* Info.plist */ = {isa = PBXFileReference; lastKnownFileType = text.plist.xml; path = Info.plist; sourceTree = "<group>"; };
		022415B61F99F60400F51678 /* projectpertamaTests.xctest */ = {isa = PBXFileReference; explicitFileType = wrapper.cfbundle; includeInIndex = 0; path = projectpertamaTests.xctest; sourceTree = BUILT_PRODUCTS_DIR; };
		022415BA1F99F60400F51678 /* projectpertamaTests.swift */ = {isa = PBXFileReference; lastKnownFileType = sourcecode.swift; path = projectpertamaTests.swift; sourceTree = "<group>"; };
		022415BC1F99F60400F51678 /* Info.plist */ = {isa = PBXFileReference; lastKnownFileType = text.plist.xml; path = Info.plist; sourceTree = "<group>"; };
		022415C11F99F60400F51678 /* projectpertamaUITests.xctest */ = {isa = PBXFileReference; explicitFileType = wrapper.cfbundle; includeInIndex = 0; path = projectpertamaUITests.xctest; sourceTree = BUILT_PRODUCTS_DIR; };
		022415C51F99F60400F51678 /* projectpertamaUITests.swift */ = {isa = PBXFileReference; lastKnownFileType = sourcecode.swift; path = projectpertamaUITests.swift; sourceTree = "<group>"; };
		022415C71F99F60400F51678 /* Info.plist */ = {isa = PBXFileReference; lastKnownFileType = text.plist.xml; path = Info.plist; sourceTree = "<group>"; };
/* End PBXFileReference section */

/* Begin PBXFrameworksBuildPhase section */
		0224159F1F99F60400F51678 /* Frameworks */ = {
			isa = PBXFrameworksBuildPhase;
			buildActionMask = 2147483647;
			files = (
			);
			runOnlyForDeploymentPostprocessing = 0;
		};
		022415B31F99F60400F51678 /* Frameworks */ = {
			isa = PBXFrameworksBuildPhase;
			buildActionMask = 2147483647;
			files = (
			);
			runOnlyForDeploymentPostprocessing = 0;
		};
		022415BE1F99F60400F51678 /* Frameworks */ = {
			isa = PBXFrameworksBuildPhase;
			buildActionMask = 2147483647;
			files = (
			);
			runOnlyForDeploymentPostprocessing = 0;
		};
/* End PBXFrameworksBuildPhase section */

/* Begin PBXGroup section */
		022415991F99F60400F51678 = {
			isa = PBXGroup;
			children = (
				022415A41F99F60400F51678 /* projectpertama */,
				022415B91F99F60400F51678 /* projectpertamaTests */,
				022415C41F99F60400F51678 /* projectpertamaUITests */,
				022415A31F99F60400F51678 /* Products */,
			);
			sourceTree = "<group>";
		};
		022415A31F99F60400F51678 /* Products */ = {
			isa = PBXGroup;
			children = (
				022415A21F99F60400F51678 /* projectpertama.app */,
				022415B61F99F60400F51678 /* projectpertamaTests.xctest */,
				022415C11F99F60400F51678 /* projectpertamaUITests.xctest */,
			);
			name = Products;
			sourceTree = "<group>";
		};
		022415A41F99F60400F51678 /* projectpertama */ = {
			isa = PBXGroup;
			children = (
				022415A51F99F60400F51678 /* AppDelegate.swift */,
				022415A71F99F60400F51678 /* ViewController.swift */,
				022415A91F99F60400F51678 /* Main.storyboard */,
				022415AC1F99F60400F51678 /* Assets.xcassets */,
				022415AE1F99F60400F51678 /* LaunchScreen.storyboard */,
				022415B11F99F60400F51678 /* Info.plist */,
			);
			path = projectpertama;
			sourceTree = "<group>";
		};
		022415B91F99F60400F51678 /* projectpertamaTests */ = {
			isa = PBXGroup;
			children = (
				022415BA1F99F60400F51678 /* projectpertamaTests.swift */,
				022415BC1F99F60400F51678 /* Info.plist */,
			);
			path = projectpertamaTests;
			sourceTree = "<group>";
		};
		022415C41F99F60400F51678 /* projectpertamaUITests */ = {
			isa = PBXGroup;
			children = (
				022415C51F99F60400F51678 /* projectpertamaUITests.swift */,
				022415C71F99F60400F51678 /* Info.plist */,
			);
			path = projectpertamaUITests;
			sourceTree = "<group>";
		};
/* End PBXGroup section */

/* Begin PBXNativeTarget section */
		022415A11F99F60400F51678 /* projectpertama */ = {
			isa = PBXNativeTarget;
			buildConfigurationList = 022415CA1F99F60400F51678 /* Build configuration list for PBXNativeTarget "projectpertama" */;
			buildPhases = (
				0224159E1F99F60400F51678 /* Sources */,
				0224159F1F99F60400F51678 /* Frameworks */,
				022415A01F99F60400F51678 /* Resources */,
			);
			buildRules = (
			);
			dependencies = (
			);
			name = projectpertama;
			productName = projectpertama;
			productReference = 022415A21F99F60400F51678 /* projectpertama.app */;
			productType = "com.apple.product-type.application";
		};
		022415B51F99F60400F51678 /* projectpertamaTests */ = {
			isa = PBXNativeTarget;
			buildConfigurationList = 022415CD1F99F60400F51678 /* Build configuration list for PBXNativeTarget "projectpertamaTests" */;
			buildPhases = (
				022415B21F99F60400F51678 /* Sources */,
				022415B31F99F60400F51678 /* Frameworks */,
				022415B41F99F60400F51678 /* Resources */,
			);
			buildRules = (
			);
			dependencies = (
				022415B81F99F60400F51678 /* PBXTargetDependency */,
			);
			name = projectpertamaTests;
			productName = projectpertamaTests;
			productReference = 022415B61F99F60400F51678 /* projectpertamaTests.xctest */;
			productType = "com.apple.product-type.bundle.unit-test";
		};
		022415C01F99F60400F51678 /* projectpertamaUITests */ = {
			isa = PBXNativeTarget;
			buildConfigurationList = 022415D01F99F60400F51678 /* Build configuration list for PBXNativeTarget "projectpertamaUITests" */;
			buildPhases = (
				022415BD1F99F60400F51678 /* Sources */,
				022415BE1F99F60400F51678 /* Frameworks */,
				022415BF1F99F60400F51678 /* Resources */,
			);
			buildRules = (
			);
			dependencies = (
				022415C31F99F60400F51678 /* PBXTargetDependency */,
			);
			name = projectpertamaUITests;
			productName = projectpertamaUITests;
			productReference = 022415C11F99F60400F51678 /* projectpertamaUITests.xctest */;
			productType = "com.apple.product-type.bundle.ui-testing";
		};
/* End PBXNativeTarget section */

/* Begin PBXProject section */
		0224159A1F99F60400F51678 /* Project object */ = {
			isa = PBXProject;
			attributes = {
				LastSwiftUpdateCheck = 0900;
				LastUpgradeCheck = 0900;
				ORGANIZATIONNAME = yusron;
				TargetAttributes = {
					022415A11F99F60400F51678 = {
						CreatedOnToolsVersion = 9.0.1;
						ProvisioningStyle = Automatic;
					};
					022415B51F99F60400F51678 = {
						CreatedOnToolsVersion = 9.0.1;
						ProvisioningStyle = Automatic;
						TestTargetID = 022415A11F99F60400F51678;
					};
					022415C01F99F60400F51678 = {
						CreatedOnToolsVersion = 9.0.1;
						ProvisioningStyle = Automatic;
						TestTargetID = 022415A11F99F60400F51678;
					};
				};
			};
			buildConfigurationList = 0224159D1F99F60400F51678 /* Build configuration list for PBXProject "projectpertama" */;
			compatibilityVersion = "Xcode 8.0";
			developmentRegion = en;
			hasScannedForEncodings = 0;
			knownRegions = (
				en,
				Base,
			);
			mainGroup = 022415991F99F60400F51678;
			productRefGroup = 022415A31F99F60400F51678 /* Products */;
			projectDirPath = "";
			projectRoot = "";
			targets = (
				022415A11F99F60400F51678 /* projectpertama */,
				022415B51F99F60400F51678 /* projectpertamaTests */,
				022415C01F99F60400F51678 /* projectpertamaUITests */,
			);
		};
/* End PBXProject section */

/* Begin PBXResourcesBuildPhase section */
		022415A01F99F60400F51678 /* Resources */ = {
			isa = PBXResourcesBuildPhase;
			buildActionMask = 2147483647;
			files = (
				022415B01F99F60400F51678 /* LaunchScreen.storyboard in Resources */,
				022415AD1F99F60400F51678 /* Assets.xcassets in Resources */,
				022415AB1F99F60400F51678 /* Main.storyboard in Resources */,
			);
			runOnlyForDeploymentPostprocessing = 0;
		};
		022415B41F99F60400F51678 /* Resources */ = {
			isa = PBXResourcesBuildPhase;
			buildActionMask = 2147483647;
			files = (
			);
			runOnlyForDeploymentPostprocessing = 0;
		};
		022415BF1F99F60400F51678 /* Resources */ = {
			isa = PBXResourcesBuildPhase;
			buildActionMask = 2147483647;
			files = (
			);
			runOnlyForDeploymentPostprocessing = 0;
		};
/* End PBXResourcesBuildPhase section */

/* Begin PBXSourcesBuildPhase section */
		0224159E1F99F60400F51678 /* Sources */ = {
			isa = PBXSourcesBuildPhase;
			buildActionMask = 2147483647;
			files = (
				022415A81F99F60400F51678 /* ViewController.swift in Sources */,
				022415A61F99F60400F51678 /* AppDelegate.swift in Sources */,
			);
			runOnlyForDeploymentPostprocessing = 0;
		};
		022415B21F99F60400F51678 /* Sources */ = {
			isa = PBXSourcesBuildPhase;
			buildActionMask = 2147483647;
			files = (
				022415BB1F99F60400F51678 /* projectpertamaTests.swift in Sources */,
			);
			runOnlyForDeploymentPostprocessing = 0;
		};
		022415BD1F99F60400F51678 /* Sources */ = {
			isa = PBXSourcesBuildPhase;
			buildActionMask = 2147483647;
			files = (
				022415C61F99F60400F51678 /* projectpertamaUITests.swift in Sources */,
			);
			runOnlyForDeploymentPostprocessing = 0;
		};
/* End PBXSourcesBuildPhase section */

/* Begin PBXTargetDependency section */
		022415B81F99F60400F51678 /* PBXTargetDependency */ = {
			isa = PBXTargetDependency;
			target = 022415A11F99F60400F51678 /* projectpertama */;
			targetProxy = 022415B71F99F60400F51678 /* PBXContainerItemProxy */;
		};
		022415C31F99F60400F51678 /* PBXTargetDependency */ = {
			isa = PBXTargetDependency;
			target = 022415A11F99F60400F51678 /* projectpertama */;
			targetProxy = 022415C21F99F60400F51678 /* PBXContainerItemProxy */;
		};
/* End PBXTargetDependency section */

/* Begin PBXVariantGroup section */
		022415A91F99F60400F51678 /* Main.storyboard */ = {
			isa = PBXVariantGroup;
			children = (
				022415AA1F99F60400F51678 /* Base */,
			);
			name = Main.storyboard;
			sourceTree = "<group>";
		};
		022415AE1F99F60400F51678 /* LaunchScreen.storyboard */ = {
			isa = PBXVariantGroup;
			children = (
				022415AF1F99F60400F51678 /* Base */,
			);
			name = LaunchScreen.storyboard;
			sourceTree = "<group>";
		};
/* End PBXVariantGroup section */

/* Begin XCBuildConfiguration section */
		022415C81F99F60400F51678 /* Debug */ = {
			isa = XCBuildConfiguration;
			buildSettings = {
				ALWAYS_SEARCH_USER_PATHS = NO;
				CLANG_ANALYZER_NONNULL = YES;
				CLANG_ANALYZER_NUMBER_OBJECT_CONVERSION = YES_AGGRESSIVE;
				CLANG_CXX_LANGUAGE_STANDARD = "gnu++14";
				CLANG_CXX_LIBRARY = "libc++";
				CLANG_ENABLE_MODULES = YES;
				CLANG_ENABLE_OBJC_ARC = YES;
				CLANG_WARN_BLOCK_CAPTURE_AUTORELEASING = YES;
				CLANG_WARN_BOOL_CONVERSION = YES;
				CLANG_WARN_COMMA = YES;
				CLANG_WARN_CONSTANT_CONVERSION = YES;
				CLANG_WARN_DIRECT_OBJC_ISA_USAGE = YES_ERROR;
				CLANG_WARN_DOCUMENTATION_COMMENTS = YES;
				CLANG_WARN_EMPTY_BODY = YES;
				CLANG_WARN_ENUM_CONVERSION = YES;
				CLANG_WARN_INFINITE_RECURSION = YES;
				CLANG_WARN_INT_CONVERSION = YES;
				CLANG_WARN_NON_LITERAL_NULL_CONVERSION = YES;
				CLANG_WARN_OBJC_LITERAL_CONVERSION = YES;
				CLANG_WARN_OBJC_ROOT_CLASS = YES_ERROR;
				CLANG_WARN_RANGE_LOOP_ANALYSIS = YES;
				CLANG_WARN_STRICT_PROTOTYPES = YES;
				CLANG_WARN_SUSPICIOUS_MOVE = YES;
				CLANG_WARN_UNGUARDED_AVAILABILITY = YES_AGGRESSIVE;
				CLANG_WARN_UNREACHABLE_CODE = YES;
				CLANG_WARN__DUPLICATE_METHOD_MATCH = YES;
				CODE_SIGN_IDENTITY = "iPhone Developer";
				COPY_PHASE_STRIP = NO;
				DEBUG_INFORMATION_FORMAT = dwarf;
				ENABLE_STRICT_OBJC_MSGSEND = YES;
				ENABLE_TESTABILITY = YES;
				GCC_C_LANGUAGE_STANDARD = gnu11;
				GCC_DYNAMIC_NO_PIC = NO;
				GCC_NO_COMMON_BLOCKS = YES;
				GCC_OPTIMIZATION_LEVEL = 0;
				GCC_PREPROCESSOR_DEFINITIONS = (
					"DEBUG=1",
					"$(inherited)",
				);
				GCC_WARN_64_TO_32_BIT_CONVERSION = YES;
				GCC_WARN_ABOUT_RETURN_TYPE = YES_ERROR;
				GCC_WARN_UNDECLARED_SELECTOR = YES;
				GCC_WARN_UNINITIALIZED_AUTOS = YES_AGGRESSIVE;
				GCC_WARN_UNUSED_FUNCTION = YES;
				GCC_WARN_UNUSED_VARIABLE = YES;
				IPHONEOS_DEPLOYMENT_TARGET = 11.0;
				MTL_ENABLE_DEBUG_INFO = YES;
				ONLY_ACTIVE_ARCH = YES;
				SDKROOT = iphoneos;
				SWIFT_ACTIVE_COMPILATION_CONDITIONS = DEBUG;
				SWIFT_OPTIMIZATION_LEVEL = "-Onone";
			};
			name = Debug;
		};
		022415C91F99F60400F51678 /* Release */ = {
			isa = XCBuildConfiguration;
			buildSettings = {
				ALWAYS_SEARCH_USER_PATHS = NO;
				CLANG_ANALYZER_NONNULL = YES;
				CLANG_ANALYZER_NUMBER_OBJECT_CONVERSION = YES_AGGRESSIVE;
				CLANG_CXX_LANGUAGE_STANDARD = "gnu++14";
				CLANG_CXX_LIBRARY = "libc++";
				CLANG_ENABLE_MODULES = YES;
				CLANG_ENABLE_OBJC_ARC = YES;
				CLANG_WARN_BLOCK_CAPTURE_AUTORELEASING = YES;
				CLANG_WARN_BOOL_CONVERSION = YES;
				CLANG_WARN_COMMA = YES;
				CLANG_WARN_CONSTANT_CONVERSION = YES;
				CLANG_WARN_DIRECT_OBJC_ISA_USAGE = YES_ERROR;
				CLANG_WARN_DOCUMENTATION_COMMENTS = YES;
				CLANG_WARN_EMPTY_BODY = YES;
				CLANG_WARN_ENUM_CONVERSION = YES;
				CLANG_WARN_INFINITE_RECURSION = YES;
				CLANG_WARN_INT_CONVERSION = YES;
				CLANG_WARN_NON_LITERAL_NULL_CONVERSION = YES;
				CLANG_WARN_OBJC_LITERAL_CONVERSION = YES;
				CLANG_WARN_OBJC_ROOT_CLASS = YES_ERROR;
				CLANG_WARN_RANGE_LOOP_ANALYSIS = YES;
				CLANG_WARN_STRICT_PROTOTYPES = YES;
				CLANG_WARN_SUSPICIOUS_MOVE = YES;
				CLANG_WARN_UNGUARDED_AVAILABILITY = YES_AGGRESSIVE;
				CLANG_WARN_UNREACHABLE_CODE = YES;
				CLANG_WARN__DUPLICATE_METHOD_MATCH = YES;
				CODE_SIGN_IDENTITY = "iPhone Developer";
				COPY_PHASE_STRIP = NO;
				DEBUG_INFORMATION_FORMAT = "dwarf-with-dsym";
				ENABLE_NS_ASSERTIONS = NO;
				ENABLE_STRICT_OBJC_MSGSEND = YES;
				GCC_C_LANGUAGE_STANDARD = gnu11;
				GCC_NO_COMMON_BLOCKS = YES;
				GCC_WARN_64_TO_32_BIT_CONVERSION = YES;
				GCC_WARN_ABOUT_RETURN_TYPE = YES_ERROR;
				GCC_WARN_UNDECLARED_SELECTOR = YES;
				GCC_WARN_UNINITIALIZED_AUTOS = YES_AGGRESSIVE;
				GCC_WARN_UNUSED_FUNCTION = YES;
				GCC_WARN_UNUSED_VARIABLE = YES;
				IPHONEOS_DEPLOYMENT_TARGET = 11.0;
				MTL_ENABLE_DEBUG_INFO = NO;
				SDKROOT = iphoneos;
				SWIFT_OPTIMIZATION_LEVEL = "-Owholemodule";
				VALIDATE_PRODUCT = YES;
			};
			name = Release;
		};
		022415CB1F99F60400F51678 /* Debug */ = {
			isa = XCBuildConfiguration;
			buildSettings = {
				ASSETCATALOG_COMPILER_APPICON_NAME = AppIcon;
				CODE_SIGN_STYLE = Automatic;
				INFOPLIST_FILE = projectpertama/Info.plist;
				LD_RUNPATH_SEARCH_PATHS = "$(inherited) @executable_path/Frameworks";
				PRODUCT_BUNDLE_IDENTIFIER = "smk-idn.projectpertama";
				PRODUCT_NAME = "$(TARGET_NAME)";
				SWIFT_VERSION = 4.0;
				TARGETED_DEVICE_FAMILY = "1,2";
			};
			name = Debug;
		};
		022415CC1F99F60400F51678 /* Release */ = {
			isa = XCBuildConfiguration;
			buildSettings = {
				ASSETCATALOG_COMPILER_APPICON_NAME = AppIcon;
				CODE_SIGN_STYLE = Automatic;
				INFOPLIST_FILE = projectpertama/Info.plist;
				LD_RUNPATH_SEARCH_PATHS = "$(inherited) @executable_path/Frameworks";
				PRODUCT_BUNDLE_IDENTIFIER = "smk-idn.projectpertama";
				PRODUCT_NAME = "$(TARGET_NAME)";
				SWIFT_VERSION = 4.0;
				TARGETED_DEVICE_FAMILY = "1,2";
			};
			name = Release;
		};
		022415CE1F99F60400F51678 /* Debug */ = {
			isa = XCBuildConfiguration;
			buildSettings = {
				ALWAYS_EMBED_SWIFT_STANDARD_LIBRARIES = YES;
				BUNDLE_LOADER = "$(TEST_HOST)";
				CODE_SIGN_STYLE = Automatic;
				INFOPLIST_FILE = projectpertamaTests/Info.plist;
				LD_RUNPATH_SEARCH_PATHS = "$(inherited) @executable_path/Frameworks @loader_path/Frameworks";
				PRODUCT_BUNDLE_IDENTIFIER = "smk-idn.projectpertamaTests";
				PRODUCT_NAME = "$(TARGET_NAME)";
				SWIFT_VERSION = 4.0;
				TARGETED_DEVICE_FAMILY = "1,2";
				TEST_HOST = "$(BUILT_PRODUCTS_DIR)/projectpertama.app/projectpertama";
			};
			name = Debug;
		};
		022415CF1F99F60400F51678 /* Release */ = {
			isa = XCBuildConfiguration;
			buildSettings = {
				ALWAYS_EMBED_SWIFT_STANDARD_LIBRARIES = YES;
				BUNDLE_LOADER = "$(TEST_HOST)";
				CODE_SIGN_STYLE = Automatic;
				INFOPLIST_FILE = projectpertamaTests/Info.plist;
				LD_RUNPATH_SEARCH_PATHS = "$(inherited) @executable_path/Frameworks @loader_path/Frameworks";
				PRODUCT_BUNDLE_IDENTIFIER = "smk-idn.projectpertamaTests";
				PRODUCT_NAME = "$(TARGET_NAME)";
				SWIFT_VERSION = 4.0;
				TARGETED_DEVICE_FAMILY = "1,2";
				TEST_HOST = "$(BUILT_PRODUCTS_DIR)/projectpertama.app/projectpertama";
			};
			name = Release;
		};
		022415D11F99F60400F51678 /* Debug */ = {
			isa = XCBuildConfiguration;
			buildSettings = {
				ALWAYS_EMBED_SWIFT_STANDARD_LIBRARIES = YES;
				CODE_SIGN_STYLE = Automatic;
				INFOPLIST_FILE = projectpertamaUITests/Info.plist;
				LD_RUNPATH_SEARCH_PATHS = "$(inherited) @executable_path/Frameworks @loader_path/Frameworks";
				PRODUCT_BUNDLE_IDENTIFIER = "smk-idn.projectpertamaUITests";
				PRODUCT_NAME = "$(TARGET_NAME)";
				SWIFT_VERSION = 4.0;
				TARGETED_DEVICE_FAMILY = "1,2";
				TEST_TARGET_NAME = projectpertama;
			};
			name = Debug;
		};
		022415D21F99F60400F51678 /* Release */ = {
			isa = XCBuildConfiguration;
			buildSettings = {
				ALWAYS_EMBED_SWIFT_STANDARD_LIBRARIES = YES;
				CODE_SIGN_STYLE = Automatic;
				INFOPLIST_FILE = projectpertamaUITests/Info.plist;
				LD_RUNPATH_SEARCH_PATHS = "$(inherited) @executable_path/Frameworks @loader_path/Frameworks";
				PRODUCT_BUNDLE_IDENTIFIER = "smk-idn.projectpertamaUITests";
				PRODUCT_NAME = "$(TARGET_NAME)";
				SWIFT_VERSION = 4.0;
				TARGETED_DEVICE_FAMILY = "1,2";
				TEST_TARGET_NAME = projectpertama;
			};
			name = Release;
		};
/* End XCBuildConfiguration section */

/* Begin XCConfigurationList section */
		0224159D1F99F60400F51678 /* Build configuration list for PBXProject "projectpertama" */ = {
			isa = XCConfigurationList;
			buildConfigurations = (
				022415C81F99F60400F51678 /* Debug */,
				022415C91F99F60400F51678 /* Release */,
			);
			defaultConfigurationIsVisible = 0;
			defaultConfigurationName = Release;
		};
		022415CA1F99F60400F51678 /* Build configuration list for PBXNativeTarget "projectpertama" */ = {
			isa = XCConfigurationList;
			buildConfigurations = (
				022415CB1F99F60400F51678 /* Debug */,
				022415CC1F99F60400F51678 /* Release */,
			);
			defaultConfigurationIsVisible = 0;
			defaultConfigurationName = Release;
		};
		022415CD1F99F60400F51678 /* Build configuration list for PBXNativeTarget "projectpertamaTests" */ = {
			isa = XCConfigurationList;
			buildConfigurations = (
				022415CE1F99F60400F51678 /* Debug */,
				022415CF1F99F60400F51678 /* Release */,
			);
			defaultConfigurationIsVisible = 0;
			defaultConfigurationName = Release;
		};
		022415D01F99F60400F51678 /* Build configuration list for PBXNativeTarget "projectpertamaUITests" */ = {
			isa = XCConfigurationList;
			buildConfigurations = (
				022415D11F99F60400F51678 /* Debug */,
				022415D21F99F60400F51678 /* Release */,
			);
			defaultConfigurationIsVisible = 0;
			defaultConfigurationName = Release;
		};
/* End XCConfigurationList section */
	};
	rootObject = 0224159A1F99F60400F51678 /* Project object */;
}
